<?xml version="1.0" encoding="utf-8"?>
<Project ToolsVersion="4.0" xmlns="http://schemas.microsoft.com/developer/msbuild/2003">
  <ItemGroup>
    <Filter Include="MEK">
      <UniqueIdentifier>{A203880B-0E0D-887C-9788-9E7C0391937C}</UniqueIdentifier>
    </Filter>
    <Filter Include="MEK\Events">
      <UniqueIdentifier>{460525D5-32BD-6622-9BC4-3F7E879B0113}</UniqueIdentifier>
    </Filter>
    <Filter Include="MEK\ImGui">
      <UniqueIdentifier>{4C2AA1A9-B894-5520-01D3-06C66D7C3375}</UniqueIdentifier>
    </Filter>
    <Filter Include="Platform">
      <UniqueIdentifier>{2AC788B4-1694-E3BF-3FAD-D1672BD9184E}</UniqueIdentifier>
    </Filter>
    <Filter Include="Platform\OpenGL">
      <UniqueIdentifier>{1E7D2C1D-8A08-9AE1-9319-1DD6FF23F6E1}</UniqueIdentifier>
    </Filter>
    <Filter Include="Platform\Windows">
      <UniqueIdentifier>{64FBD71A-50F4-F66C-7926-DCF1657ED678}</UniqueIdentifier>
    </Filter>
  </ItemGroup>
  <ItemGroup>
    <ClInclude Include="src\MEK\Application.h">
      <Filter>MEK</Filter>
    </ClInclude>
    <ClInclude Include="src\MEK\Core.h">
      <Filter>MEK</Filter>
    </ClInclude>
    <ClInclude Include="src\MEK\EntryPoint.h">
      <Filter>MEK</Filter>
    </ClInclude>
    <ClInclude Include="src\MEK\Events\ApplicationEvent.h">
      <Filter>MEK\Events</Filter>
    </ClInclude>
    <ClInclude Include="src\MEK\Events\Event.h">
      <Filter>MEK\Events</Filter>
    </ClInclude>
    <ClInclude Include="src\MEK\Events\KeyEvent.h">
      <Filter>MEK\Events</Filter>
    </ClInclude>
    <ClInclude Include="src\MEK\Events\MouseEvent.h">
      <Filter>MEK\Events</Filter>
    </ClInclude>
    <ClInclude Include="src\MEK\ImGui\ImGuiLayer.h">
      <Filter>MEK\ImGui</Filter>
    </ClInclude>
    <ClInclude Include="src\MEK\Input.h">
      <Filter>MEK</Filter>
    </ClInclude>
    <ClInclude Include="src\MEK\Layer.h">
      <Filter>MEK</Filter>
    </ClInclude>
    <ClInclude Include="src\MEK\LayerStack.h">
      <Filter>MEK</Filter>
    </ClInclude>
    <ClInclude Include="src\MEK\Log.h">
      <Filter>MEK</Filter>
    </ClInclude>
    <ClInclude Include="src\MEK\Window.h">
      <Filter>MEK</Filter>
    </ClInclude>
    <ClInclude Include="src\MEK_Engine.h" />
    <ClInclude Include="src\Platform\OpenGL\ImGuiOpenGLRenderer.h">
      <Filter>Platform\OpenGL</Filter>
    </ClInclude>
    <ClInclude Include="src\Platform\Windows\WindowsInput.h">
      <Filter>Platform\Windows</Filter>
    </ClInclude>
    <ClInclude Include="src\Platform\Windows\WindowsWindow.h">
      <Filter>Platform\Windows</Filter>
    </ClInclude>
    <ClInclude Include="src\mekpch.h" />
  </ItemGroup>
  <ItemGroup>
    <ClCompile Include="src\MEK\Application.cpp">
      <Filter>MEK</Filter>
    </ClCompile>
    <ClCompile Include="src\MEK\ImGui\ImGuiLayer.cpp">
      <Filter>MEK\ImGui</Filter>
    </ClCompile>
    <ClCompile Include="src\MEK\Layer.cpp">
      <Filter>MEK</Filter>
    </ClCompile>
    <ClCompile Include="src\MEK\LayerStack.cpp">
      <Filter>MEK</Filter>
    </ClCompile>
    <ClCompile Include="src\MEK\Log.cpp">
      <Filter>MEK</Filter>
    </ClCompile>
    <ClCompile Include="src\Platform\OpenGL\ImGuiOpenGLRenderer.cpp">
      <Filter>Platform\OpenGL</Filter>
    </ClCompile>
    <ClCompile Include="src\Platform\Windows\WindowsInput.cpp">
      <Filter>Platform\Windows</Filter>
    </ClCompile>
    <ClCompile Include="src\Platform\Windows\WindowsWindow.cpp">
      <Filter>Platform\Windows</Filter>
    </ClCompile>
    <ClCompile Include="src\mekpch.cpp" />
  </ItemGroup>
</Project>