<?xml version="1.0" encoding="utf-8"?>
<Project ToolsVersion="4.0" xmlns="http://schemas.microsoft.com/developer/msbuild/2003">
  <ItemGroup>
    <Filter Include="MEK">
      <UniqueIdentifier>{A203880B-0E0D-887C-9788-9E7C0391937C}</UniqueIdentifier>
    </Filter>
    <Filter Include="MEK\Events">
      <UniqueIdentifier>{460525D5-32BD-6622-9BC4-3F7E879B0113}</UniqueIdentifier>
    </Filter>
  </ItemGroup>
  <ItemGroup>
    <ClInclude Include="src\MEK\Application.h">
      <Filter>MEK</Filter>
    </ClInclude>
    <ClInclude Include="src\MEK\Core.h">
      <Filter>MEK</Filter>
    </ClInclude>
    <ClInclude Include="src\MEK\EntryPoint.h">
      <Filter>MEK</Filter>
    </ClInclude>
    <ClInclude Include="src\MEK\Events\ApplicationEvent.h">
      <Filter>MEK\Events</Filter>
    </ClInclude>
    <ClInclude Include="src\MEK\Events\Event.h">
      <Filter>MEK\Events</Filter>
    </ClInclude>
    <ClInclude Include="src\MEK\Events\KeyEvent.h">
      <Filter>MEK\Events</Filter>
    </ClInclude>
    <ClInclude Include="src\MEK\Events\MouseEvent.h">
      <Filter>MEK\Events</Filter>
    </ClInclude>
    <ClInclude Include="src\MEK\Log.h">
      <Filter>MEK</Filter>
    </ClInclude>
    <ClInclude Include="src\MEK_Engine.h" />
  </ItemGroup>
  <ItemGroup>
    <ClCompile Include="src\MEK\Application.cpp">
      <Filter>MEK</Filter>
    </ClCompile>
    <ClCompile Include="src\MEK\Log.cpp">
      <Filter>MEK</Filter>
    </ClCompile>
  </ItemGroup>
</Project>